
Microsoft Visual Studio Solution File, Format Version 12.00
# Visual Studio Version 17
VisualStudioVersion = 17.10.35013.160
MinimumVisualStudioVersion = 10.0.40219.1
Project("{FAE04EC0-301F-11D3-BF4B-00C04F79EFBC}") = "ASPIdentityApp", "ASPIdentityApp\ASPIdentityApp.csproj", "{BDA5DC2B-0CDA-4318-9EA6-725A627E882D}"
EndProject
Global
	GlobalSection(SolutionConfigurationPlatforms) = preSolution
		Debug|Any CPU = Debug|Any CPU
		Release|Any CPU = Release|Any CPU
	EndGlobalSection
	GlobalSection(ProjectConfigurationPlatforms) = postSolution
		{BDA5DC2B-0CDA-4318-9EA6-725A627E882D}.Debug|Any CPU.ActiveCfg = Debug|Any CPU
		{BDA5DC2B-0CDA-4318-9EA6-725A627E882D}.Debug|Any CPU.Build.0 = Debug|Any CPU
		{BDA5DC2B-0CDA-4318-9EA6-725A627E882D}.Release|Any CPU.ActiveCfg = Release|Any CPU
		{BDA5DC2B-0CDA-4318-9EA6-725A627E882D}.Release|Any CPU.Build.0 = Release|Any CPU
	EndGlobalSection
	GlobalSection(SolutionProperties) = preSolution
		HideSolutionNode = FALSE
	EndGlobalSection
	GlobalSection(ExtensibilityGlobals) = postSolution
		SolutionGuid = {5B163303-EAA4-42DB-93ED-E75DE475F2AA}
	EndGlobalSection
EndGlobal
